github.com/BurntSushi/toml v0.3.1/go.mod h1:xHWCNGjB5oqiDr8zfno3MHue2Ht5sIBksp03qcyfWMU=
github.com/ajstarks/deck v0.0.0-20200831202436-30c9fc6549a9/go.mod h1:JynElWSGnm/4RlzPXRlREEwqTHAN3T56Bv2ITsFT3gY=
github.com/ajstarks/deck/generate v0.0.0-20210309230005-c3f852c02e19/go.mod h1:T13YZdzov6OU0A1+RfKZiZN9ca6VeKdBdyDV+BY97Tk=
github.com/ajstarks/svgo v0.0.0-20211024235047-1546f124cd8b h1:slYM766cy2nI3BwyRiyQj/Ud48djTMtMebDqepE95rw=
github.com/ajstarks/svgo v0.0.0-20211024235047-1546f124cd8b/go.mod h1:1KcenG0jGWcpt8ov532z81sp/kMMUG485J2InIOyADM=
github.com/aws/aws-sdk-go v1.17.14/go.mod h1:KmX6BPdI08NWTb3/sm4ZGu5ShLoqVDhKgpiN924inxo=
github.com/boombuler/barcode v1.0.1 h1:NDBbPmhS+EqABEs5Kg3n/5ZNjy73Pz7SIV+KCeqyXcs=
github.com/boombuler/barcode v1.0.1/go.mod h1:paBWMcWSl3LHKBqUq+rly7CNSldXjb2rDl3JlRe0mD8=
github.com/davecgh/go-spew v1.1.0 h1:ZDRjVQ15GmhC3fiQ8ni8+OwkZQO4DARzQgrnXU1Liz8=
github.com/davecgh/go-spew v1.1.0/go.mod h1:J7Y8YcW2NihsgmVo/mv3lAwl/skON4iLHjSsI+c5H38=
github.com/dgrijalva/jwt-go v3.2.0+incompatible h1:7qlOGliEKZXTDg6OTjfoBKDXWrumCAMpl/TFQ4/5kLM=
github.com/dgrijalva/jwt-go v3.2.0+incompatible/go.mod h1:E3ru+11k8xSBh+hMPgOLZmtrrCbhqsmaPHjLKYnJCaQ=
github.com/fatih/structtag v1.2.0 h1:/OdNE99OxoI/PqaW/SuSK9uxxT3f/tcSZgon/ssNSx4=
github.com/fatih/structtag v1.2.0/go.mod h1:mBJUNpUnHmRKrKlQQlmCrh5PuhftFbNv8Ys4/aAZl94=
github.com/google/uuid v1.0.0/go.mod h1:TIyPZe4MgqvfeYDBFedMoGGpEw/LqOeaOT+nhxU+yHo=
github.com/google/uuid v1.1.5 h1:kxhtnfFVi+rYdOALN0B3k9UT86zVJKfBimRaciULW4I=
github.com/google/uuid v1.1.5/go.mod h1:TIyPZe4MgqvfeYDBFedMoGGpEw/LqOeaOT+nhxU+yHo=
github.com/hhkbp2/go-strftime v0.0.0-20150709091403-d82166ec6782 h1:Evl9i7wBY3bjJ3NqHs0ldhnKOdQL4Kaum9ve1JAmiCE=
github.com/hhkbp2/go-strftime v0.0.0-20150709091403-d82166ec6782/go.mod h1:x8/IOQ5qQ4DKfiTmD9wBhQ40edg5wh7gMRwdLg07mMw=
github.com/iancoleman/strcase v0.1.3 h1:dJBk1m2/qjL1twPLf68JND55vvivMupZ4wIzE8CTdBw=
github.com/iancoleman/strcase v0.1.3/go.mod h1:SK73tn/9oHe+/Y0h39VT4UCxmurVJkR5NA7kMEAOgSE=
github.com/jmespath/go-jmespath v0.0.0-20180206201540-c2b33e8439af/go.mod h1:Nht3zPeWKUH0NzdCt2Blrr5ys8VGpn0CEB0cQHVjt7k=
github.com/kisielk/gotool v1.0.0/go.mod h1:XhKaO+MFFWcvkIS/tQcRk01m1F5IRFswLeQ+oQHNcck=
github.com/kr/pretty v0.1.0 h1:L/CwN0zerZDmRFUapSPitk6f+Q3+0za1rQkzVuMiMFI=
github.com/kr/pretty v0.1.0/go.mod h1:dAy3ld7l9f0ibDNOQOHHMYYIIbhfbHSm3C4ZsoJORNo=
github.com/kr/pty v1.1.1/go.mod h1:pFQYn66WHrOpPYNljwOMqo10TkYh1fy3cYio2l3bCsQ=
github.com/kr/text v0.1.0 h1:45sCR5RtlFHMR4UwH9sdQ5TC8v0qDQCHnXt+kaKSTVE=
github.com/kr/text v0.1.0/go.mod h1:4Jbv+DJW3UT/LiOwJeYQe1efqtUx/iVham/4vfdArNI=
github.com/kylelemons/godebug v1.1.0 h1:RPNrshWIDI6G2gRW9EHilWtl7Z6Sb1BR0xunSBf0SNc=
github.com/lib/pq v1.0.0 h1:X5PMW56eZitiTeO7tKzZxFCSpbFZJtkMMooicw2us9A=
github.com/lib/pq v1.0.0/go.mod h1:5WUZQaWbwv1U+lTReE5YruASi9Al49XbQIvNi/34Woo=
github.com/mattn/go-colorable v0.1.1/go.mod h1:FuOcm+DKB9mbwrcAfNl7/TZVBZ6rcnceauSikq3lYCQ=
github.com/mattn/go-colorable v0.1.12 h1:jF+Du6AlPIjs2BiUiQlKOX0rt3SujHxPnksPKZbaA40=
github.com/mattn/go-colorable v0.1.12/go.mod h1:u5H1YNBxpqRaxsYJYSkiCWKzEfiAb1Gb520KVy5xxl4=
github.com/mattn/go-isatty v0.0.5/go.mod h1:Iq45c/XA43vh69/j3iqttzPXn0bhXyGjM0Hdxcsrc5s=
github.com/mattn/go-isatty v0.0.14 h1:yVuAays6BHfxijgZPzw+3Zlu5yQgKGP2/hcQbHb7S9Y=
github.com/mattn/go-isatty v0.0.14/go.mod h1:7GGIvUiUoEMVVmxf/4nioHXj79iQHKdU27kJ6hsGG94=
github.com/mattn/go-sqlite3 v1.11.0 h1:LDdKkqtYlom37fkvqs8rMPFKAMe8+SgjbwZ6ex1/A/Q=
github.com/mattn/go-sqlite3 v1.11.0/go.mod h1:FPy6KqzDD04eiIsT53CuJW3U88zkxoIYsOqkbpncsNc=
github.com/mgutz/ansi v0.0.0-20170206155736-9520e82c474b/go.mod h1:01TrycV0kFyexm33Z7vhZRXopbI8J3TDReVlkTgMUxE=
github.com/mitchellh/go-homedir v1.1.0 h1:lukF9ziXFxDFPkA1vsr5zpc1XuPDn/wFntq5mG+4E0Y=
github.com/mitchellh/go-homedir v1.1.0/go.mod h1:SfyaCUpYCn1Vlf4IUYiD9fPX4A5wJrkLzIz1N1q0pr0=
github.com/pborman/uuid v1.2.0 h1:J7Q5mO4ysT1dv8hyrUGHb9+ooztCXu1D8MY8DZYsu3g=
github.com/pborman/uuid v1.2.0/go.mod h1:X/NO0urCmaxf9VXbdlT7C2Yzkj2IKimNn4k+gtPdI/k=
github.com/pmezard/go-difflib v1.0.0 h1:4DBwDE0NGyQoBHbLQYPwSUPoCMWR5BEzIk/f1lZbAQM=
github.com/pmezard/go-difflib v1.0.0/go.mod h1:iKH77koFhYxTK1pcRnkKkqfTogsbg7gZNVY4sRDYZ/4=
github.com/pschlump/Go-FTL v0.7.3/go.mod h1:72dmO1ZLBDO9yUDsFY38Vbcqx2i2Cgl+hSG+i+GgP/M=
github.com/pschlump/Go-FTL v0.7.6 h1:95lbrLxYsu1Ad/2mecjES/5fQt6tCCV506XLdimKCVI=
github.com/pschlump/Go-FTL v0.7.6/go.mod h1:gxP7bN8VhKaul9/XcvRPVK5Uu5+dJJ7VJy5fq+bD1Wk=
github.com/pschlump/HashStr v1.0.0 h1:HYNeEnnuqO3CDvaPbnXJ4SRGKBjgTMlaUZym5ZNeh54=
github.com/pschlump/HashStrings v0.1.4 h1:rUdvuxCcCoWFKhe7hdU+H+vDa7rqg01k+GA6b6b8JMo=
github.com/pschlump/HashStrings v0.1.4/go.mod h1:K5Y3Z3iaokVoEdQddOF1/FBy0UOCvLeyEPB/AS/FV/c=
github.com/pschlump/MiscLib v0.0.0-20171012162159-e4e6a3a34d5f/go.mod h1:5xTdUkCWL2ER+MgvBAgx7ShwN7ZPUY1RMqT3vnFjCdg=
github.com/pschlump/MiscLib v1.0.0/go.mod h1:33BegrXglROGxpDvBSciKSCc1oEKj6oRgJWD5ZEX+ZI=
github.com/pschlump/MiscLib v1.0.1/go.mod h1:33BegrXglROGxpDvBSciKSCc1oEKj6oRgJWD5ZEX+ZI=
github.com/pschlump/MiscLib v1.0.3 h1:2F7ZUkWJhBTIM7XaGb8L0bzO1l7jXi/lVFTRWXpElac=
github.com/pschlump/MiscLib v1.0.3/go.mod h1:kNxJuPVgvnv69Yt9Dr6eQgShL4kK7elSA1Nz3/G2eBg=
github.com/pschlump/ansi v1.0.1 h1:NR7hBOgTV/shQwzwLmk4X/bVoUzvyIrwlB5k8wWnl7A=
github.com/pschlump/ansi v1.0.1/go.mod h1:dwr2CQhjyMjSNA9wpCOux2+MhQiqoelfvBKkTYNBNuA=
github.com/pschlump/check-json-syntax v1.0.1/go.mod h1:/RZlwWHFMQmNWfBQtGDb7aP1UZ+I4gsql1kxy8vXPK0=
github.com/pschlump/filelib v1.0.0/go.mod h1:CxEa7t6Y1lukm2ar5iMbm1imu8fN4V52tgrWtXUqd1g=
github.com/pschlump/filelib v1.0.6 h1:KJdAoE+5ovlpHrfs4CTGJDXmHCEyGK+sx3CKmBajgDw=
github.com/pschlump/filelib v1.0.6/go.mod h1:CxEa7t6Y1lukm2ar5iMbm1imu8fN4V52tgrWtXUqd1g=
github.com/pschlump/godebug v0.0.0-20190221170503-8c05f846059a/go.mod h1:LcS3H2JkmKvbm+SHqvxV4YgOhxuysSpsKhoEOM96Izs=
github.com/pschlump/godebug v0.9.1/go.mod h1:LcS3H2JkmKvbm+SHqvxV4YgOhxuysSpsKhoEOM96Izs=
github.com/pschlump/godebug v1.0.4 h1:X37zf4qXgsQhT4mceDet768mAimjxFDpsis7zEl8A80=
github.com/pschlump/godebug v1.0.4/go.mod h1:0g877qgD7yUdH5NUqp6hg/QTvR0LLIBGpuk7FeUlmWE=
github.com/pschlump/goqrsvg v1.0.1 h1:JthZzbKTnCXjrsfCHSOqb6X/YykpQ4iO+bapnq7REI8=
github.com/pschlump/goqrsvg v1.0.1/go.mod h1:UxH/y96jvYSCD0DDSC+Kogae5IzspeCdHqKZnh09EC8=
github.com/pschlump/gowords v1.0.1 h1:foDs8GmJW955awNbREkblT9v9nljNi54y1F+L6z2PIQ=
github.com/pschlump/gowords v1.0.1/go.mod h1:zv5pHkw9/coPqaGxsDMMJ3pzZWe67/Th681FfI/L48E=
github.com/pschlump/json v0.0.0-20180316172947-0d2e6a308e08/go.mod h1:MyeKNxcsYS/AaCqIp6DgPdaE/4NVH49OJVCnQsRoevI=
github.com/pschlump/json v1.12.0 h1:PjkeVEgEUg+vkHC8CfeXIG4fChev3a7gjl9wYrTnPIE=
github.com/pschlump/json v1.12.0/go.mod h1:MyeKNxcsYS/AaCqIp6DgPdaE/4NVH49OJVCnQsRoevI=
github.com/pschlump/jsonSyntaxErrorLib v1.0.1 h1:Tfc5nLlmyOfJc0Xtk70CU4F4q/AaAvnxK31+rWGUeLo=
github.com/pschlump/jsonSyntaxErrorLib v1.0.1/go.mod h1:n13lHtoalG+X635RmkFZJQtlLN8qlP775ukxGtylXbk=
github.com/pschlump/jsondiff v0.0.0-20160907153950-c3351a6b8ead/go.mod h1:8xqW0j5v4F5dHEL2k6eTLSjtrEl+FwLcwlaP8SqsZ8g=
github.com/pschlump/jwtverif v0.1.8 h1:TboBBaojlG6U9WvcIVe4zovE83A8q9aF0bQTVZgtZ2Q=
github.com/pschlump/jwtverif v0.1.8/go.mod h1:MTzAqq2MWVO3TBkmeYRETdPfnOrmY74n6g2h4UKI7/Q=
github.com/pschlump/mon-alive v0.6.0 h1:YAuTtnygd7QLXnwxE7CrlazEVGpspGP/udyc7kc3rzM=
github.com/pschlump/mon-alive v0.6.0/go.mod h1:vUWepuBd+yPyR/drlcWbuzf1ZjIYzyjUneSY53I5Xdw=
github.com/pschlump/ms v1.0.0/go.mod h1:jv5t8hQRsEMSrIL60lutsZSjmUSMyyxAPFTTh7Hb7RE=
github.com/pschlump/ms v1.0.1 h1:BIKyB3OwLTyBdNIvxXaAHL6d6KNFK7UpTZuXGg/M+CY=
github.com/pschlump/ms v1.0.1/go.mod h1:6Rs8JxLOGDSfpFhcJjsFSJO1SNbYO1TPBIgvpdyZcBE=
github.com/pschlump/picfloat v1.0.0 h1:aSTTYt2w/0+N/KSz9geB6jqBo1q3JfGxsdd+qAuNI14=
github.com/pschlump/picfloat v1.0.0/go.mod h1:VV0RIY7OO8uBEPOvJbzQTR3u1YCwd7g+ckKp2jGMhIU=
github.com/pschlump/pictime v1.0.0 h1:ubPwxj535xN08Az8cnLt8XJop4ZPHrvTkgkGHcocvew=
github.com/pschlump/pictime v1.0.0/go.mod h1:LQB7AMMEFw8Y/Vpnb/t0T2Fnd5YZjrE/0KbDVNrh48I=
github.com/pschlump/pslog v0.0.2 h1:Jz7AOs9ECYLwMi87ZHd4hMKZPY7peDU91cgoa8XmxAc=
github.com/pschlump/pslog v0.0.2/go.mod h1:vsKAYLrbsl0XJjSGXFZd1WEKe0zJP0a0Yqdzex92Khc=
github.com/pschlump/radix.v2 v0.0.0-20161003041916-12a9aa275d4e/go.mod h1:dnTFV5WaqolbganEh4Qm+3d2A/9Zv3SseRDR0+ddzeQ=
github.com/pschlump/radix.v2 v0.2.1 h1:n3J/XcBLCLJcGvA8pPSaU4AwbaPb9w2qpBWfEDR3wEA=
github.com/pschlump/radix.v2 v0.2.1/go.mod h1:dnTFV5WaqolbganEh4Qm+3d2A/9Zv3SseRDR0+ddzeQ=
github.com/pschlump/templatestrings v0.1.0 h1:m5WwZeazZB7bKPZlEKe3A5PcCBdVnvaifPftCSEhqnw=
github.com/pschlump/templatestrings v0.1.0/go.mod h1:MLe7Uf+Ho/Jb6ate/lklCoutE7rPWRlwYAWBeFaP9JY=
github.com/pschlump/textTemplate v1.12.2 h1:wXgVKIIatWu/pXHtbHI48zs5PSN1aRDeW3PclnlFSUw=
github.com/pschlump/textTemplate v1.12.2/go.mod h1:qvVj8pHj8eWGwUy2DW+H7QoCfY+R0bw0FYOjZRbsVvg=
github.com/pschlump/uuid v1.0.3 h1:aRd+yQH+Ghu4BQo5m0PoRemKXVp3AOwrGkIf7bShdIs=
github.com/pschlump/uuid v1.0.3/go.mod h1:syDrH6XkXqe0CV5qaDp79i50wCes286TMGh6nvHzVyU=
github.com/pschlump/verhoeff_algorithm v1.0.1 h1:7NkguM+8QggG2T2t+NOYCpWRaO1yWxgRSUQLZEMdomw=
github.com/pschlump/verhoeff_algorithm v1.0.1/go.mod h1:Iq02kDW7bWwxy0SzVZ9t8+hagTmVnWuKEVHrU7k+IIk=
github.com/robertkrimen/otto v0.0.0-20211019175142-5b0d97091c6f h1:wOVoULFf7IVSJ9hl8wnQew/kCpchffRb7a81H9/IcS4=
github.com/stretchr/objx v0.1.0/go.mod h1:HFkY916IF+rwdDfMAkV7OtwuqBVzrE8GR6GFx+wExME=
github.com/stretchr/testify v1.3.0 h1:TivCn/peBQ7UY8ooIcPgZFpTNSz0Q2U6UrFlUfqbe0Q=
github.com/stretchr/testify v1.3.0/go.mod h1:M5WIy9Dh21IEIfnGCwXGc5bZfKNJtfHm1UVUgZn+9EI=
github.com/taskcluster/slugid-go v1.0.1-0.20180913150312-f39bc6d245da h1:Y5g9ohGlufy/TIfAO9ZKI/r9zOECE9cv+KpTq9guGlY=
github.com/taskcluster/slugid-go v1.0.1-0.20180913150312-f39bc6d245da/go.mod h1:a6qZo5JMShWvjDrupo8HLd+FVldMYW0Tc7YTrLT1ML4=
github.com/tealeg/xlsx v1.0.5 h1:+f8oFmvY8Gw1iUXzPk+kz+4GpbDZPK1FhPiQRd+ypgE=
github.com/tealeg/xlsx v1.0.5/go.mod h1:btRS8dz54TDnvKNosuAqxrM1QgN1udgk9O34bDCnORM=
github.com/xeipuuv/gojsonpointer v0.0.0-20180127040702-4e3ac2762d5f h1:J9EGpcZtP0E/raorCMxlFGSTBrsSlaDGf3jU/qvAE2c=
github.com/xeipuuv/gojsonpointer v0.0.0-20180127040702-4e3ac2762d5f/go.mod h1:N2zxlSyiKSe5eX1tZViRH5QA0qijqEDrYZiPEAiq3wU=
github.com/xeipuuv/gojsonreference v0.0.0-20180127040603-bd5ef7bd5415 h1:EzJWgHovont7NscjpAxXsDA8S8BMYve8Y5+7cuRE7R0=
github.com/xeipuuv/gojsonreference v0.0.0-20180127040603-bd5ef7bd5415/go.mod h1:GwrjFmJcFw6At/Gs6z4yjiIwzuJ1/+UwLxMQDVQXShQ=
github.com/xeipuuv/gojsonschema v1.2.0 h1:LhYJRs+L4fBtjZUfuSZIKGeVu0QRy8e5Xi7D17UxZ74=
github.com/xeipuuv/gojsonschema v1.2.0/go.mod h1:anYRn/JVcOK2ZgGU+IjEV4nwlhoK5sQluxsYJ78Id3Y=
github.com/yuin/goldmark v1.2.1/go.mod h1:3hX8gzYuyVAZsxl0MRgGTJEmQBFcNTphYh9decYSb74=
golang.org/x/crypto v0.0.0-20190308221718-c2843e01d9a2/go.mod h1:djNgcEr1/C05ACkg1iLfiJU5Ep61QUkGW8qpdssI0+w=
golang.org/x/crypto v0.0.0-20191011191535-87dc89f01550/go.mod h1:yigFU9vqHzYiE8UmvKecakEJjdnWj3jj499lnFckfCI=
golang.org/x/crypto v0.0.0-20200622213623-75b288015ac9/go.mod h1:LzIPMQfyMNhhGPhUkYOs5KpL4U8rLKemX1yGLhDgUto=
golang.org/x/mod v0.3.0/go.mod h1:s0Qsj1ACt9ePp/hMypM3fl4fZqREWJwdYDEqhRiZZUA=
golang.org/x/net v0.0.0-20190404232315-eb5bcb51f2a3/go.mod h1:t9HGtf8HONx5eT2rtn7q6eTqICYqUVnKs3thJo3Qplg=
golang.org/x/net v0.0.0-20190620200207-3b0461eec859/go.mod h1:z5CRVTTTmAJ677TzLLGU+0bjPO0LkuOLi4/5GtJWs/s=
golang.org/x/net v0.0.0-20201021035429-f5854403a974/go.mod h1:sp8m0HH+o8qH0wwXwYZr8TS3Oi6o0r6Gce1SSxlDquU=
golang.org/x/sync v0.0.0-20190423024810-112230192c58/go.mod h1:RxMgew5VJxzue5/jJTE5uejpjVlOe/izrB70Jof72aM=
golang.org/x/sync v0.0.0-20201020160332-67f06af15bc9/go.mod h1:RxMgew5VJxzue5/jJTE5uejpjVlOe/izrB70Jof72aM=
golang.org/x/sys v0.0.0-20190215142949-d0b11bdaac8a/go.mod h1:STP8DvDyc/dI5b8T5hshtkjS+E42TnysNCUPdjciGhY=
golang.org/x/sys v0.0.0-20190222072716-a9d3bda3a223/go.mod h1:STP8DvDyc/dI5b8T5hshtkjS+E42TnysNCUPdjciGhY=
golang.org/x/sys v0.0.0-20190412213103-97732733099d/go.mod h1:h1NjWce9XRLGQEsW7wpKNCjG9DtNlClVuFLEZdDNbEs=
golang.org/x/sys v0.0.0-20200930185726-fdedc70b468f/go.mod h1:h1NjWce9XRLGQEsW7wpKNCjG9DtNlClVuFLEZdDNbEs=
golang.org/x/sys v0.0.0-20210119212857-b64e53b001e4/go.mod h1:h1NjWce9XRLGQEsW7wpKNCjG9DtNlClVuFLEZdDNbEs=
golang.org/x/sys v0.0.0-20210630005230-0f9fa26af87c/go.mod h1:oPkhp1MJrh7nUepCBck5+mAzfO9JrbApNNgaTdGDITg=
golang.org/x/sys v0.0.0-20210927094055-39ccf1dd6fa6 h1:foEbQz/B0Oz6YIqu/69kfXPYeFQAuuMYFkjaqXzl5Wo=
golang.org/x/sys v0.0.0-20210927094055-39ccf1dd6fa6/go.mod h1:oPkhp1MJrh7nUepCBck5+mAzfO9JrbApNNgaTdGDITg=
golang.org/x/text v0.3.0/go.mod h1:NqM8EUOU14njkJ3fqMW+pc6Ldnwhi/IjpwHt7yyuwOQ=
golang.org/x/text v0.3.3/go.mod h1:5Zoc/QRtKVWzQhOtBMvqHzDpF6irO9z98xDceosuGiQ=
golang.org/x/tools v0.0.0-20180917221912-90fa682c2a6e/go.mod h1:n7NCudcB/nEzxVGmLbDWY5pfWTLqBcC2KZ6jyYvM4mQ=
golang.org/x/tools v0.0.0-20191119224855-298f0cb1881e/go.mod h1:b+2E5dAYhXwXZwtnZ6UAqBI28+e2cm9otk0dWdXHAEo=
golang.org/x/tools v0.1.0/go.mod h1:xkSsbof2nBLbhDlRMhhhyNLN/zl3eTqcnHD5viDpcZ0=
golang.org/x/xerrors v0.0.0-20190717185122-a985d3407aa7/go.mod h1:I/5z698sn9Ka8TeJc9MKroUUfqBBauWjQqLJ2OPfmY0=
golang.org/x/xerrors v0.0.0-20191011141410-1b5146add898/go.mod h1:I/5z698sn9Ka8TeJc9MKroUUfqBBauWjQqLJ2OPfmY0=
golang.org/x/xerrors v0.0.0-20200804184101-5ec99f83aff1/go.mod h1:I/5z698sn9Ka8TeJc9MKroUUfqBBauWjQqLJ2OPfmY0=
gopkg.in/check.v1 v1.0.0-20190902080502-41f04d3bba15 h1:YR8cESwS4TdDjEe65xsg0ogRM/Nc3DYOhEAlW+xobZo=
gopkg.in/check.v1 v1.0.0-20190902080502-41f04d3bba15/go.mod h1:Co6ibVJAznAaIkqp8huTwlJQCZ016jof/cbN4VW5Yz0=
gopkg.in/sourcemap.v1 v1.0.5 h1:inv58fC9f9J3TK2Y2R1NPntXEn3/wjWHkonhIUODNTI=
honnef.co/go/tools v0.1.3/go.mod h1:NgwopIslSNH47DimFoV78dnkksY2EFtX0ajyb3K/las=
